
Microsoft Visual Studio Solution File, Format Version 12.00
# Visual Studio 15
VisualStudioVersion = 15.0.28307.168
MinimumVisualStudioVersion = 10.0.40219.1
Project("{8BC9CEB8-8B4A-11D0-8D11-00A0C91BC942}") = "Politech_project", "Politech_project\Politech_project.vcxproj", "{CADD809E-7191-4096-96B5-999259788405}"
EndProject
Global
	GlobalSection(SolutionConfigurationPlatforms) = preSolution
		Debug|x64 = Debug|x64
		Debug|x86 = Debug|x86
		Release|x64 = Release|x64
		Release|x86 = Release|x86
	EndGlobalSection
	GlobalSection(ProjectConfigurationPlatforms) = postSolution
		{CADD809E-7191-4096-96B5-999259788405}.Debug|x64.ActiveCfg = Debug|x64
		{CADD809E-7191-4096-96B5-999259788405}.Debug|x64.Build.0 = Debug|x64
		{CADD809E-7191-4096-96B5-999259788405}.Debug|x86.ActiveCfg = Debug|Win32
		{CADD809E-7191-4096-96B5-999259788405}.Debug|x86.Build.0 = Debug|Win32
		{CADD809E-7191-4096-96B5-999259788405}.Release|x64.ActiveCfg = Release|x64
		{CADD809E-7191-4096-96B5-999259788405}.Release|x64.Build.0 = Release|x64
		{CADD809E-7191-4096-96B5-999259788405}.Release|x86.ActiveCfg = Release|Win32
		{CADD809E-7191-4096-96B5-999259788405}.Release|x86.Build.0 = Release|Win32
	EndGlobalSection
	GlobalSection(SolutionProperties) = preSolution
		HideSolutionNode = FALSE
	EndGlobalSection
	GlobalSection(ExtensibilityGlobals) = postSolution
		SolutionGuid = {E9AE078D-9BB0-41C8-9BB6-D9339A3D4D1B}
	EndGlobalSection
EndGlobal
